
Microsoft Visual Studio Solution File, Format Version 12.00
# Visual Studio Version 16
VisualStudioVersion = 16.0.31410.357
MinimumVisualStudioVersion = 10.0.40219.1
Project("{2150E333-8FDC-42A3-9474-1A3956D46DE8}") = "docs", "docs", "{03B01A20-BBB1-470D-A4E7-A0DFAC49BB90}"
	ProjectSection(SolutionItems) = preProject
		docs\readme.md = docs\readme.md
	EndProjectSection
EndProject
Project("{2150E333-8FDC-42A3-9474-1A3956D46DE8}") = "src", "src", "{EFCA5ECD-3FDE-4991-A2BE-31A0805D77DC}"
EndProject
Project("{9A19103F-16F7-4668-BE54-9A1E7A4F7556}") = "App", "src\App\App.csproj", "{E2B1A3B5-3201-488B-A1AF-6CDE286BE88B}"
EndProject
Global
	GlobalSection(SolutionConfigurationPlatforms) = preSolution
		Debug|Any CPU = Debug|Any CPU
		Release|Any CPU = Release|Any CPU
	EndGlobalSection
	GlobalSection(ProjectConfigurationPlatforms) = postSolution
		{E2B1A3B5-3201-488B-A1AF-6CDE286BE88B}.Debug|Any CPU.ActiveCfg = Debug|Any CPU
		{E2B1A3B5-3201-488B-A1AF-6CDE286BE88B}.Debug|Any CPU.Build.0 = Debug|Any CPU
		{E2B1A3B5-3201-488B-A1AF-6CDE286BE88B}.Release|Any CPU.ActiveCfg = Release|Any CPU
		{E2B1A3B5-3201-488B-A1AF-6CDE286BE88B}.Release|Any CPU.Build.0 = Release|Any CPU
	EndGlobalSection
	GlobalSection(SolutionProperties) = preSolution
		HideSolutionNode = FALSE
	EndGlobalSection
	GlobalSection(NestedProjects) = preSolution
		{E2B1A3B5-3201-488B-A1AF-6CDE286BE88B} = {EFCA5ECD-3FDE-4991-A2BE-31A0805D77DC}
	EndGlobalSection
	GlobalSection(ExtensibilityGlobals) = postSolution
		SolutionGuid = {2B386ECF-C82F-46EA-BCE2-C5D3B7A28B0F}
	EndGlobalSection
EndGlobal
